
Microsoft Visual Studio Solution File, Format Version 12.00
# Visual Studio Version 17
VisualStudioVersion = 17.0.31903.59
MinimumVisualStudioVersion = 10.0.40219.1
Project("{9A19103F-16F7-4668-BE54-9A1E7A4F7556}") = "SharedDomain", "src\SharedDomain\SharedDomain.csproj", "{824E2C3E-F964-4495-A993-ECD598FFD2C2}"
EndProject
Project("{2150E333-8FDC-42A3-9474-1A3956D46DE8}") = "src", "src", "{3DFF77BD-99C6-45DD-839F-CB91D577746E}"
EndProject
Project("{9A19103F-16F7-4668-BE54-9A1E7A4F7556}") = "Pagamento", "src\Pagamento\Pagamento.csproj", "{FADCDC63-E6EF-421E-8B42-E06E99E2BFD2}"
EndProject
Project("{E53339B2-1760-4266-BCC7-CA923CBCF16C}") = "docker-compose", "docker-compose.dcproj", "{C0E27725-D3C5-4E7D-BC14-7F620B32337C}"
EndProject
Project("{2150E333-8FDC-42A3-9474-1A3956D46DE8}") = "Itens de Solução", "Itens de Solução", "{670BE0F9-9F3C-4CBF-A62C-F499EFB8B9D8}"
	ProjectSection(SolutionItems) = preProject
		.env = .env
		src\Pagamento\Pagamento.http = src\Pagamento\Pagamento.http
		tests.rest = tests.rest
	EndProjectSection
EndProject
Project("{2150E333-8FDC-42A3-9474-1A3956D46DE8}") = "tests", "tests", "{D95F165F-9B46-4E01-BC26-4E285B5CB57E}"
EndProject
Project("{9A19103F-16F7-4668-BE54-9A1E7A4F7556}") = "Olorun.Integration", "tests\Olorun.Integration\Olorun.Integration.csproj", "{1AAEBEA1-1505-44C2-9C54-87659DC57203}"
EndProject
Project("{FAE04EC0-301F-11D3-BF4B-00C04F79EFBC}") = "Olorun.Tests", "tests\Olorun.Tests\Olorun.Tests.csproj", "{B0DBEEB8-2203-4B76-9734-84DEEA46AFD9}"
EndProject
Project("{FAE04EC0-301F-11D3-BF4B-00C04F79EFBC}") = "CadastroGateway.Api", "src\CadastroGateway.Api\CadastroGateway.Api.csproj", "{30B54ABC-23B0-4383-9785-D0597AC6DD2E}"
EndProject
Project("{FAE04EC0-301F-11D3-BF4B-00C04F79EFBC}") = "Antifraude.Api", "src\Antifraude.Api\Antifraude.Api.csproj", "{7C61661B-2DEA-4FD7-B90C-26AD5F0F2887}"
EndProject
Project("{FAE04EC0-301F-11D3-BF4B-00C04F79EFBC}") = "Conta.Api", "src\Conta.Api\Conta.Api.csproj", "{BE76CCF5-1400-4884-AEF8-9B65FBA26BB7}"
EndProject
Project("{FAE04EC0-301F-11D3-BF4B-00C04F79EFBC}") = "TddCourse", "tests\TddCourse\TddCourse.csproj", "{6F70CE45-8FA8-4C46-8CF9-60F7F23870A4}"
EndProject
Global
	GlobalSection(SolutionConfigurationPlatforms) = preSolution
		Debug|Any CPU = Debug|Any CPU
		Release|Any CPU = Release|Any CPU
	EndGlobalSection
	GlobalSection(ProjectConfigurationPlatforms) = postSolution
		{824E2C3E-F964-4495-A993-ECD598FFD2C2}.Debug|Any CPU.ActiveCfg = Debug|Any CPU
		{824E2C3E-F964-4495-A993-ECD598FFD2C2}.Debug|Any CPU.Build.0 = Debug|Any CPU
		{824E2C3E-F964-4495-A993-ECD598FFD2C2}.Release|Any CPU.ActiveCfg = Release|Any CPU
		{824E2C3E-F964-4495-A993-ECD598FFD2C2}.Release|Any CPU.Build.0 = Release|Any CPU
		{FADCDC63-E6EF-421E-8B42-E06E99E2BFD2}.Debug|Any CPU.ActiveCfg = Debug|Any CPU
		{FADCDC63-E6EF-421E-8B42-E06E99E2BFD2}.Debug|Any CPU.Build.0 = Debug|Any CPU
		{FADCDC63-E6EF-421E-8B42-E06E99E2BFD2}.Release|Any CPU.ActiveCfg = Release|Any CPU
		{FADCDC63-E6EF-421E-8B42-E06E99E2BFD2}.Release|Any CPU.Build.0 = Release|Any CPU
		{C0E27725-D3C5-4E7D-BC14-7F620B32337C}.Debug|Any CPU.ActiveCfg = Debug|Any CPU
		{C0E27725-D3C5-4E7D-BC14-7F620B32337C}.Debug|Any CPU.Build.0 = Debug|Any CPU
		{C0E27725-D3C5-4E7D-BC14-7F620B32337C}.Release|Any CPU.ActiveCfg = Release|Any CPU
		{C0E27725-D3C5-4E7D-BC14-7F620B32337C}.Release|Any CPU.Build.0 = Release|Any CPU
		{1AAEBEA1-1505-44C2-9C54-87659DC57203}.Debug|Any CPU.ActiveCfg = Debug|Any CPU
		{1AAEBEA1-1505-44C2-9C54-87659DC57203}.Debug|Any CPU.Build.0 = Debug|Any CPU
		{1AAEBEA1-1505-44C2-9C54-87659DC57203}.Release|Any CPU.ActiveCfg = Release|Any CPU
		{1AAEBEA1-1505-44C2-9C54-87659DC57203}.Release|Any CPU.Build.0 = Release|Any CPU
		{B0DBEEB8-2203-4B76-9734-84DEEA46AFD9}.Debug|Any CPU.ActiveCfg = Debug|Any CPU
		{B0DBEEB8-2203-4B76-9734-84DEEA46AFD9}.Debug|Any CPU.Build.0 = Debug|Any CPU
		{B0DBEEB8-2203-4B76-9734-84DEEA46AFD9}.Release|Any CPU.ActiveCfg = Release|Any CPU
		{B0DBEEB8-2203-4B76-9734-84DEEA46AFD9}.Release|Any CPU.Build.0 = Release|Any CPU
		{30B54ABC-23B0-4383-9785-D0597AC6DD2E}.Debug|Any CPU.ActiveCfg = Debug|Any CPU
		{30B54ABC-23B0-4383-9785-D0597AC6DD2E}.Debug|Any CPU.Build.0 = Debug|Any CPU
		{30B54ABC-23B0-4383-9785-D0597AC6DD2E}.Release|Any CPU.ActiveCfg = Release|Any CPU
		{30B54ABC-23B0-4383-9785-D0597AC6DD2E}.Release|Any CPU.Build.0 = Release|Any CPU
		{7C61661B-2DEA-4FD7-B90C-26AD5F0F2887}.Debug|Any CPU.ActiveCfg = Debug|Any CPU
		{7C61661B-2DEA-4FD7-B90C-26AD5F0F2887}.Debug|Any CPU.Build.0 = Debug|Any CPU
		{7C61661B-2DEA-4FD7-B90C-26AD5F0F2887}.Release|Any CPU.ActiveCfg = Release|Any CPU
		{7C61661B-2DEA-4FD7-B90C-26AD5F0F2887}.Release|Any CPU.Build.0 = Release|Any CPU
		{BE76CCF5-1400-4884-AEF8-9B65FBA26BB7}.Debug|Any CPU.ActiveCfg = Debug|Any CPU
		{BE76CCF5-1400-4884-AEF8-9B65FBA26BB7}.Debug|Any CPU.Build.0 = Debug|Any CPU
		{BE76CCF5-1400-4884-AEF8-9B65FBA26BB7}.Release|Any CPU.ActiveCfg = Release|Any CPU
		{BE76CCF5-1400-4884-AEF8-9B65FBA26BB7}.Release|Any CPU.Build.0 = Release|Any CPU
		{6F70CE45-8FA8-4C46-8CF9-60F7F23870A4}.Debug|Any CPU.ActiveCfg = Debug|Any CPU
		{6F70CE45-8FA8-4C46-8CF9-60F7F23870A4}.Debug|Any CPU.Build.0 = Debug|Any CPU
		{6F70CE45-8FA8-4C46-8CF9-60F7F23870A4}.Release|Any CPU.ActiveCfg = Release|Any CPU
		{6F70CE45-8FA8-4C46-8CF9-60F7F23870A4}.Release|Any CPU.Build.0 = Release|Any CPU
	EndGlobalSection
	GlobalSection(SolutionProperties) = preSolution
		HideSolutionNode = FALSE
	EndGlobalSection
	GlobalSection(NestedProjects) = preSolution
		{824E2C3E-F964-4495-A993-ECD598FFD2C2} = {3DFF77BD-99C6-45DD-839F-CB91D577746E}
		{FADCDC63-E6EF-421E-8B42-E06E99E2BFD2} = {3DFF77BD-99C6-45DD-839F-CB91D577746E}
		{1AAEBEA1-1505-44C2-9C54-87659DC57203} = {D95F165F-9B46-4E01-BC26-4E285B5CB57E}
		{B0DBEEB8-2203-4B76-9734-84DEEA46AFD9} = {D95F165F-9B46-4E01-BC26-4E285B5CB57E}
		{30B54ABC-23B0-4383-9785-D0597AC6DD2E} = {3DFF77BD-99C6-45DD-839F-CB91D577746E}
		{7C61661B-2DEA-4FD7-B90C-26AD5F0F2887} = {3DFF77BD-99C6-45DD-839F-CB91D577746E}
		{BE76CCF5-1400-4884-AEF8-9B65FBA26BB7} = {3DFF77BD-99C6-45DD-839F-CB91D577746E}
		{6F70CE45-8FA8-4C46-8CF9-60F7F23870A4} = {D95F165F-9B46-4E01-BC26-4E285B5CB57E}
	EndGlobalSection
	GlobalSection(ExtensibilityGlobals) = postSolution
		SolutionGuid = {AA1CD28D-98D1-4DD7-B253-65A552F928B5}
	EndGlobalSection
EndGlobal
